{
    "_meta": {
        "hash": {
            "sha256": "8e1fee1ee1d9930db8db8588701cec496bc5fdc6c161d89e3829b7e199cc2541"
        },
        "pipfile-spec": 6,
        "requires": {
            "python_version": "3.8"
        },
        "sources": [
            {
                "name": "pypi",
                "url": "https://pypi.python.org/simple",
                "verify_ssl": true
            }
        ]
    },
    "default": {
        "uwsgi": {
            "sys_platform": "!= 'win32'",
            "version": "*"
        }
    },
    "develop": {}
}
